
Microsoft Visual Studio Solution File, Format Version 12.00
# Visual Studio 15
Project("{FAE04EC0-301F-11D3-BF4B-00C04F79EFBC}") = "Assembly-CSharp", "Assembly-CSharp.csproj", "{BBAF4270-276A-6820-F1DF-62DF3EA703DF}"
EndProject
Global
	GlobalSection(SolutionConfigurationPlatforms) = preSolution
		Debug|Any CPU = Debug|Any CPU
		Release|Any CPU = Release|Any CPU
	EndGlobalSection
	GlobalSection(ProjectConfigurationPlatforms) = postSolution
		{BBAF4270-276A-6820-F1DF-62DF3EA703DF}.Debug|Any CPU.ActiveCfg = Debug|Any CPU
		{BBAF4270-276A-6820-F1DF-62DF3EA703DF}.Debug|Any CPU.Build.0 = Debug|Any CPU
		{BBAF4270-276A-6820-F1DF-62DF3EA703DF}.Release|Any CPU.ActiveCfg = Release|Any CPU
		{BBAF4270-276A-6820-F1DF-62DF3EA703DF}.Release|Any CPU.Build.0 = Release|Any CPU
	EndGlobalSection
	GlobalSection(SolutionProperties) = preSolution
		HideSolutionNode = FALSE
	EndGlobalSection
EndGlobal
